<Solution>
  <Folder Name="/src/">
    <Project Path="src/PetCare.Api/PetCare.Api.csproj" />
    <Project Path="src/PetCare.Application/PetCare.Application.csproj" />
    <Project Path="src/PetCare.Domain/PetCare.Domain.csproj" />
    <Project Path="src/PetCare.Infrastructure/PetCare.Infrastructure.csproj" />
  </Folder>
  <Folder Name="/tests/">
    <Project Path="tests/PetCare.Tests/PetCare.Tests.csproj" />
  </Folder>
</Solution>
