
Microsoft Visual Studio Solution File, Format Version 12.00
# Visual Studio Version 17
VisualStudioVersion = 17.0.31903.59
MinimumVisualStudioVersion = 10.0.40219.1
Project("{2150E333-8FDC-42A3-9474-1A3956D46DE8}") = "src", "src", "{9D8A34E5-C691-4EF6-BBA1-D71301179F10}"
EndProject
Project("{FAE04EC0-301F-11D3-BF4B-00C04F79EFBC}") = "PetCare.Domain", "src\PetCare.Domain\PetCare.Domain.csproj", "{5095D77D-2EC3-484A-976F-F697D1C69BE4}"
EndProject
Project("{FAE04EC0-301F-11D3-BF4B-00C04F79EFBC}") = "PetCare.Application", "src\PetCare.Application\PetCare.Application.csproj", "{F74A0592-C9C6-4BF0-9666-B7E83751A02D}"
EndProject
Project("{FAE04EC0-301F-11D3-BF4B-00C04F79EFBC}") = "PetCare.Infrastructure", "src\PetCare.Infrastructure\PetCare.Infrastructure.csproj", "{D39D6BA0-6DB5-4E13-B0DE-1803D6BCE3E5}"
EndProject
Project("{FAE04EC0-301F-11D3-BF4B-00C04F79EFBC}") = "PetCare.Api", "src\PetCare.Api\PetCare.Api.csproj", "{01B7A19A-8EC8-4E44-BA5B-8CB861A8FF04}"
EndProject
Project("{2150E333-8FDC-42A3-9474-1A3956D46DE8}") = "tests", "tests", "{4305445F-F5DF-4EBA-827B-21A77F188D38}"
EndProject
Project("{FAE04EC0-301F-11D3-BF4B-00C04F79EFBC}") = "PetCare.Application.Tests", "tests\PetCare.Application.Tests\PetCare.Application.Tests.csproj", "{65509C20-8256-4056-AE62-0A2DA19B8448}"
EndProject
Global
	GlobalSection(SolutionConfigurationPlatforms) = preSolution
		Debug|Any CPU = Debug|Any CPU
		Release|Any CPU = Release|Any CPU
	EndGlobalSection
	GlobalSection(SolutionProperties) = preSolution
		HideSolutionNode = FALSE
	EndGlobalSection
	GlobalSection(ProjectConfigurationPlatforms) = postSolution
		{5095D77D-2EC3-484A-976F-F697D1C69BE4}.Debug|Any CPU.ActiveCfg = Debug|Any CPU
		{5095D77D-2EC3-484A-976F-F697D1C69BE4}.Debug|Any CPU.Build.0 = Debug|Any CPU
		{5095D77D-2EC3-484A-976F-F697D1C69BE4}.Release|Any CPU.ActiveCfg = Release|Any CPU
		{5095D77D-2EC3-484A-976F-F697D1C69BE4}.Release|Any CPU.Build.0 = Release|Any CPU
		{F74A0592-C9C6-4BF0-9666-B7E83751A02D}.Debug|Any CPU.ActiveCfg = Debug|Any CPU
		{F74A0592-C9C6-4BF0-9666-B7E83751A02D}.Debug|Any CPU.Build.0 = Debug|Any CPU
		{F74A0592-C9C6-4BF0-9666-B7E83751A02D}.Release|Any CPU.ActiveCfg = Release|Any CPU
		{F74A0592-C9C6-4BF0-9666-B7E83751A02D}.Release|Any CPU.Build.0 = Release|Any CPU
		{D39D6BA0-6DB5-4E13-B0DE-1803D6BCE3E5}.Debug|Any CPU.ActiveCfg = Debug|Any CPU
		{D39D6BA0-6DB5-4E13-B0DE-1803D6BCE3E5}.Debug|Any CPU.Build.0 = Debug|Any CPU
		{D39D6BA0-6DB5-4E13-B0DE-1803D6BCE3E5}.Release|Any CPU.ActiveCfg = Release|Any CPU
		{D39D6BA0-6DB5-4E13-B0DE-1803D6BCE3E5}.Release|Any CPU.Build.0 = Release|Any CPU
		{01B7A19A-8EC8-4E44-BA5B-8CB861A8FF04}.Debug|Any CPU.ActiveCfg = Debug|Any CPU
		{01B7A19A-8EC8-4E44-BA5B-8CB861A8FF04}.Debug|Any CPU.Build.0 = Debug|Any CPU
		{01B7A19A-8EC8-4E44-BA5B-8CB861A8FF04}.Release|Any CPU.ActiveCfg = Release|Any CPU
		{01B7A19A-8EC8-4E44-BA5B-8CB861A8FF04}.Release|Any CPU.Build.0 = Release|Any CPU
		{65509C20-8256-4056-AE62-0A2DA19B8448}.Debug|Any CPU.ActiveCfg = Debug|Any CPU
		{65509C20-8256-4056-AE62-0A2DA19B8448}.Debug|Any CPU.Build.0 = Debug|Any CPU
		{65509C20-8256-4056-AE62-0A2DA19B8448}.Release|Any CPU.ActiveCfg = Release|Any CPU
		{65509C20-8256-4056-AE62-0A2DA19B8448}.Release|Any CPU.Build.0 = Release|Any CPU
	EndGlobalSection
	GlobalSection(NestedProjects) = preSolution
		{5095D77D-2EC3-484A-976F-F697D1C69BE4} = {9D8A34E5-C691-4EF6-BBA1-D71301179F10}
		{F74A0592-C9C6-4BF0-9666-B7E83751A02D} = {9D8A34E5-C691-4EF6-BBA1-D71301179F10}
		{D39D6BA0-6DB5-4E13-B0DE-1803D6BCE3E5} = {9D8A34E5-C691-4EF6-BBA1-D71301179F10}
		{01B7A19A-8EC8-4E44-BA5B-8CB861A8FF04} = {9D8A34E5-C691-4EF6-BBA1-D71301179F10}
		{65509C20-8256-4056-AE62-0A2DA19B8448} = {4305445F-F5DF-4EBA-827B-21A77F188D38}
	EndGlobalSection
EndGlobal
